lockfileVersion: '9.0'

settings:
  autoInstallPeers: true
  excludeLinksFromLockfile: false

importers:

  .:
    dependencies:
      three:
        specifier: ^0.171.0
        version: 0.171.0

packages:

  three@0.171.0:
    resolution: {integrity: sha512-Y/lAXPaKZPcEdkKjh0JOAHVv8OOnv/NDJqm0wjfCzyQmfKxV7zvkwsnBgPBKTzJHToSOhRGQAGbPJObT59B/PQ==}

snapshots:

  three@0.171.0: {}
